
Microsoft Visual Studio Solution File, Format Version 12.00
# Visual Studio Version 17
VisualStudioVersion = 17.14.36202.13
MinimumVisualStudioVersion = 10.0.40219.1
Project("{FAE04EC0-301F-11D3-BF4B-00C04F79EFBC}") = "Cogtive.App", "Cogtive.App\Cogtive.App.csproj", "{197709AF-3817-6EA0-E7FB-E845461CCEA5}"
EndProject
Global
	GlobalSection(SolutionConfigurationPlatforms) = preSolution
		Debug|Any CPU = Debug|Any CPU
		Release|Any CPU = Release|Any CPU
	EndGlobalSection
	GlobalSection(ProjectConfigurationPlatforms) = postSolution
		{197709AF-3817-6EA0-E7FB-E845461CCEA5}.Debug|Any CPU.ActiveCfg = Debug|Any CPU
		{197709AF-3817-6EA0-E7FB-E845461CCEA5}.Debug|Any CPU.Build.0 = Debug|Any CPU
		{197709AF-3817-6EA0-E7FB-E845461CCEA5}.Debug|Any CPU.Deploy.0 = Debug|Any CPU
		{197709AF-3817-6EA0-E7FB-E845461CCEA5}.Release|Any CPU.ActiveCfg = Release|Any CPU
		{197709AF-3817-6EA0-E7FB-E845461CCEA5}.Release|Any CPU.Build.0 = Release|Any CPU
		{197709AF-3817-6EA0-E7FB-E845461CCEA5}.Release|Any CPU.Deploy.0 = Release|Any CPU
	EndGlobalSection
	GlobalSection(SolutionProperties) = preSolution
		HideSolutionNode = FALSE
	EndGlobalSection
	GlobalSection(ExtensibilityGlobals) = postSolution
		SolutionGuid = {8FF6ABC1-F70F-4EA8-8B10-82D5495A0EF4}
	EndGlobalSection
EndGlobal
